<Solution>
  <Project Path="MudPersonalWebsite/MudPersonalWebsite.Client/MudPersonalWebsite.Client.csproj" />
  <Project Path="MudPersonalWebsite/MudPersonalWebsite/MudPersonalWebsite.csproj" />
  <Project Path="MudPersonlStandaloneWasm/MudPersonlStandaloneWasm.csproj" Id="5a4c9d29-3bf8-4a77-9e0f-1b1513f1b0a1" />
</Solution>
